
Microsoft Visual Studio Solution File, Format Version 12.00
# Visual Studio Version 17
VisualStudioVersion = 17.5.002.0
MinimumVisualStudioVersion = 10.0.40219.1
Project("{9A19103F-16F7-4668-BE54-9A1E7A4F7556}") = "Project", "Project.csproj", "{B17AA3BF-CA0A-4CC0-AD47-960E046A57E4}"
EndProject
Global
	GlobalSection(SolutionConfigurationPlatforms) = preSolution
		Debug|Any CPU = Debug|Any CPU
		Release|Any CPU = Release|Any CPU
	EndGlobalSection
	GlobalSection(ProjectConfigurationPlatforms) = postSolution
		{B17AA3BF-CA0A-4CC0-AD47-960E046A57E4}.Debug|Any CPU.ActiveCfg = Debug|Any CPU
		{B17AA3BF-CA0A-4CC0-AD47-960E046A57E4}.Debug|Any CPU.Build.0 = Debug|Any CPU
		{B17AA3BF-CA0A-4CC0-AD47-960E046A57E4}.Release|Any CPU.ActiveCfg = Release|Any CPU
		{B17AA3BF-CA0A-4CC0-AD47-960E046A57E4}.Release|Any CPU.Build.0 = Release|Any CPU
	EndGlobalSection
	GlobalSection(SolutionProperties) = preSolution
		HideSolutionNode = FALSE
	EndGlobalSection
	GlobalSection(ExtensibilityGlobals) = postSolution
		SolutionGuid = {62B6487D-B2EB-471F-994B-BB96B96EA630}
	EndGlobalSection
EndGlobal
