
Microsoft Visual Studio Solution File, Format Version 12.00
# Visual Studio Version 17
VisualStudioVersion = 17.5.002.0
MinimumVisualStudioVersion = 10.0.40219.1
Project("{9A19103F-16F7-4668-BE54-9A1E7A4F7556}") = "ChefsNdishes", "ChefsNdishes.csproj", "{8833A9CC-26FF-49AD-8972-E3DDBDE118AA}"
EndProject
Global
	GlobalSection(SolutionConfigurationPlatforms) = preSolution
		Debug|Any CPU = Debug|Any CPU
		Release|Any CPU = Release|Any CPU
	EndGlobalSection
	GlobalSection(ProjectConfigurationPlatforms) = postSolution
		{8833A9CC-26FF-49AD-8972-E3DDBDE118AA}.Debug|Any CPU.ActiveCfg = Debug|Any CPU
		{8833A9CC-26FF-49AD-8972-E3DDBDE118AA}.Debug|Any CPU.Build.0 = Debug|Any CPU
		{8833A9CC-26FF-49AD-8972-E3DDBDE118AA}.Release|Any CPU.ActiveCfg = Release|Any CPU
		{8833A9CC-26FF-49AD-8972-E3DDBDE118AA}.Release|Any CPU.Build.0 = Release|Any CPU
	EndGlobalSection
	GlobalSection(SolutionProperties) = preSolution
		HideSolutionNode = FALSE
	EndGlobalSection
	GlobalSection(ExtensibilityGlobals) = postSolution
		SolutionGuid = {836C5C41-3AF1-4A66-BB5F-4BE6C535BD91}
	EndGlobalSection
EndGlobal
