
Microsoft Visual Studio Solution File, Format Version 12.00
# Visual Studio Version 17
VisualStudioVersion = 17.5.002.0
MinimumVisualStudioVersion = 10.0.40219.1
Project("{9A19103F-16F7-4668-BE54-9A1E7A4F7556}") = "DateValidator", "DateValidator.csproj", "{798EF3B2-F79E-4FBA-9B27-7FA3EF996777}"
EndProject
Global
	GlobalSection(SolutionConfigurationPlatforms) = preSolution
		Debug|Any CPU = Debug|Any CPU
		Release|Any CPU = Release|Any CPU
	EndGlobalSection
	GlobalSection(ProjectConfigurationPlatforms) = postSolution
		{798EF3B2-F79E-4FBA-9B27-7FA3EF996777}.Debug|Any CPU.ActiveCfg = Debug|Any CPU
		{798EF3B2-F79E-4FBA-9B27-7FA3EF996777}.Debug|Any CPU.Build.0 = Debug|Any CPU
		{798EF3B2-F79E-4FBA-9B27-7FA3EF996777}.Release|Any CPU.ActiveCfg = Release|Any CPU
		{798EF3B2-F79E-4FBA-9B27-7FA3EF996777}.Release|Any CPU.Build.0 = Release|Any CPU
	EndGlobalSection
	GlobalSection(SolutionProperties) = preSolution
		HideSolutionNode = FALSE
	EndGlobalSection
	GlobalSection(ExtensibilityGlobals) = postSolution
		SolutionGuid = {7B466978-D7FF-45A0-A303-9524F3CDDD35}
	EndGlobalSection
EndGlobal
