
Microsoft Visual Studio Solution File, Format Version 12.00
# Visual Studio Version 17
VisualStudioVersion = 17.5.002.0
MinimumVisualStudioVersion = 10.0.40219.1
Project("{9A19103F-16F7-4668-BE54-9A1E7A4F7556}") = "DojoDachi", "DojoDachi.csproj", "{AC7A3212-4456-4C1B-8913-803F8600A0C0}"
EndProject
Global
	GlobalSection(SolutionConfigurationPlatforms) = preSolution
		Debug|Any CPU = Debug|Any CPU
		Release|Any CPU = Release|Any CPU
	EndGlobalSection
	GlobalSection(ProjectConfigurationPlatforms) = postSolution
		{AC7A3212-4456-4C1B-8913-803F8600A0C0}.Debug|Any CPU.ActiveCfg = Debug|Any CPU
		{AC7A3212-4456-4C1B-8913-803F8600A0C0}.Debug|Any CPU.Build.0 = Debug|Any CPU
		{AC7A3212-4456-4C1B-8913-803F8600A0C0}.Release|Any CPU.ActiveCfg = Release|Any CPU
		{AC7A3212-4456-4C1B-8913-803F8600A0C0}.Release|Any CPU.Build.0 = Release|Any CPU
	EndGlobalSection
	GlobalSection(SolutionProperties) = preSolution
		HideSolutionNode = FALSE
	EndGlobalSection
	GlobalSection(ExtensibilityGlobals) = postSolution
		SolutionGuid = {CB5C7A94-CFFD-4123-B9EE-AEA40F11C67E}
	EndGlobalSection
EndGlobal
